{
  "version": 4,
  "terraform_version": "1.12.2",
  "serial": 73,
  "lineage": "f64d1857-1d6d-6651-cb19-ed5660fbe038",
  "outputs": {
    "ec2_public_ip": {
      "value": "18.234.160.161",
      "type": "string"
    },
    "private_key_pem": {
      "value": "-----BEGIN RSA PRIVATE KEY-----\nMIIJKQIBAAKCAgEAy8E79OcktcYXC5+0sOp15L2p1mFlBcE/KltPUShkHL0YR/4c\no8nKEDKB9ZblkzIdrPEFccPf6o8J9TqN4pvAfhjV/XFV9D4oIyIDzssk+WnNtCps\n2x3lXHBs0WTtGiqBJERc6NQmiz36pRBJ2zoth6PEtRZ9kLME13KuPIjd86WlyhUM\n46eu9xBIgnHufECN6qFzU7WKxcR2SzzYgXkQo6JyoRpr0gsSv4vXd65p0hMdP7bs\nb1AN+VdilsgWYzzekfKccdnwjQ0eXk+mGFK1qVwrHnPU9nVVm2hgIgbe9zaW53vS\nLSmpgXKhV4brafZfDJrzuMro2tJgW3UGfL1CmPIvfILsJ5bpE0PNTMKaNUjKqc3e\nFX18YPkye+inRGNJre6T/BUFZwRZ0mIiPcyw1FGEFrtzlwmace8XJe0zIXjs4YSO\n/tsvtK7vxHiJcNIrefgvoXtCtRTWp0kv+SHbvazCNG181EeTc3Uw5sZv4HwbgRMg\n9Y0nS5a8FD4HKtH//Ki4g7//TOuoKgjOybgb3UrSU6bsCcy9bHQkIRKm165sxaaj\nZxau0FNZxrH4pPKz7QPqKlklmOCi/61+faQ5TgB6e0MDGenD3KliZCeX2ZodTRBP\nVKSZ6cwMyqdg0tm2Y07sgGPSdABBmRFGOQgMcwGEZgTrokUkxBGawlhRQnMCAwEA\nAQKCAgAsA6D9BVVjwtfFlglFUlCHSgU/Hyjgdl87uh/HK098+cgd/SGYrAVvPEng\nkGklQ+UvL516dtKO67k99RkjQ3vwgVLwfaQQr8Ch3j4uVKm3Cwj5i1SafLnIHy0S\nipfBWD8vY2kijnmJCKl1MLCTn9yn+VOLvsD/GfzIwagrwXEYqcbHgYaYQufDzQus\nygm3Y4aEkb3E7ml80TSwigNG7K0QfA4BCSETbXruT7oKy21miOR/l/c5EHUEUMEm\nSzCy3TpDEsKCwY56GcReoRwDExLU8+kImgL9/liwynpBv3Q4uN0eQhwjz2UjZmy9\n6JJAAI2Fvo85cvOcGWfhOcVd+tBAsHimYapaTSTwhcFZE5yonhShuoaySf/SAB6G\nYH79ouMXv3iPXMeOfLFzrUMfV7U0rXMDS34MuYfQXYDHi7BrYBAro0D9p1kNg4U0\nCsVNzrpHmQMKLmy+Q7bwvqFs7fD18MWn+yzMU8VkibFNxnhcWQ+n1SGH05tcoPOZ\ntFc0/Y+ZVXTJIZQu8w3SyqCP5hh9d/huL0Q/+BG3YPH6vR9Elw6KNtm1pB8/4dBH\nD76m5c5iNgQfidmO49eh1AAA61N5+M5KdcaTcqj5DMnBGIMZysXR5CZDdhLcXZuI\nqN0AnHIQpdgBDRME26KE3N9+0B3bjh6lMUL51VgLUdcjCvfdmQKCAQEAy9UBOHNx\nCx9lf6Ich7V3i7WrNpy3NX+o72bL4ha6z6W2wdK3pMfID3L6n+fOtKmAi5x54erq\nPP/2ugnKZmo4oNV6E9z6XkoWW5KHfoXKCSOOiuTp88vJG0cCGOR1wYMmE9QFvxS4\nTkW6Z8DRVM06nLJr6yueanbtprp/mnF9E3BE2zc83+jB5PveN+ItA/X04WFDuFWA\n9a/bCPd7Gt9QtYMXgqP+TuahtTW29t2GXSilrXh08Wzb/Ln7KwFobZaBnSao7nDT\na+GeRVB7GWkUg9qp6ZYQGAL7kl+Sd2vHgwfaYjdkV7RD8ipFtqKCMEfBEZOsInKn\nmjqnK7Qw3RjWZwKCAQEA/+crYHJ0/IfPBrv7P2/nOb2/cUFjxA1a7ixsGxUCssjA\nt4ktVySgIKU7M68l+DX5Zp0B1XDfunTe5Ia6sD/k4A5eNdL3XyNEAlb4qOf0wh8m\newFZ2eftd6rxMu6Xza1r3A+/rFlmFeEznfWeIwbCIPFkx3F2XLtSKO1VfpavcsiE\nswwpRFop5fuzejXSBLNTAJ3jEt9i6hT5VEsD6CfXlIOY4timEQURNrjCdk46cRDS\nHe3R3kDjj/pY1km18lReCnaSenRYFQgGMYge3Yk7tpcuWqxT0ro4cn65M6uZ15CN\nOuLhHRi1tlPuOiyW7vmFb4MC57tOPbtkhs/3fDd0FQKCAQEAui6H/N5FhVlaRqj2\n0mbJGU4JY8rl9fHzhykoVg1Y+c5uDsDAib0KWkI19tWwE4k4J034bok7CBjtbqT+\nwWmI7C/SYE5aSsH1hhNjvAfMsWhPDUNnBw8/VLEZk08q2GVI5Jen4A+3AZfjWl3f\nV0xWm0bGGHsxKiITlVWItLOxAY5s9qeP7R4X7Wa6ZeUsJRAGa8+CId/H+aJ1uc0E\nH1mXyRRC50uQQNWdI34672cNEg7MtpTujI9YqZHfgDq6/k6ZecgUSie4ljPxc3K9\n3koDOSUESp6NeMFQtTSi/n3uMRt9OHVMLGg2H/7IyrfJnvwLuFhgxN5hhRjKFbtz\nXqEPRQKCAQEAxwzod6fwCXIV/dYAs7J2eDp5DD5hvODqhvK00EgChlCTXu/r/am2\niE4eA7DMZwqMyV19TKn0zNMVgUqvMmMww3tJmrJTyoPi5bMCzldG0ixqwSkm29GE\nrB2iagyetdScXls9q3EKcCBxBwBDllkubXN3AY/nEnB+kukxJDtPk4gXeDIQc2Ny\nzbqAO6Jbj15xRLyLIWXzScMwwXlsO4uqK5JFPMZqPjjjz93dHSryWHpOBguzwB5X\nI+oGagCB71HiqF7cxzVyQkGwl5ya7ZVOhlOIMe1zcil5uM2Lf36ONtfwkwphMkHD\nLmSQnF2MtawPN9L/UoMmc+wsYJSpm8yClQKCAQAtq7yipqOTnK/XCkB/zhGrsNnQ\n2o2LDLDmp62NI6JGQUOlOjpHQocWLmolPs0DOx60MjjZICjiWMpsTjexX8Sfs7DS\nqGcUdaNETGgxngMFPH4tSGmK+5k70ai4NL+maALdW2OZN+JnBoIeVGqS28KV2uW1\nUAMMWmvoBK03FqsIaQpSAVgSNXxUfXW3E6a0W2wIkeWMM21h+MMGdB5PX9t7JsU3\nwy9WS4ta3IrpXtspFygm8phnys0zDCdkUs8oxhMbvV6JJKmG8lDRzpitGFpZsj6+\ni39vBGqxZHhyfOp0fbimn+Ll6dKigoQGoKG5nq4u/Tf/nqeKK5ha36aQOApW\n-----END RSA PRIVATE KEY-----\n",
      "type": "string",
      "sensitive": true
    }
  },
  "resources": [
    {
      "mode": "managed",
      "type": "aws_ecr_repository",
      "name": "langflow_repo",
      "provider": "provider[\"registry.terraform.io/hashicorp/aws\"]",
      "instances": [
        {
          "schema_version": 0,
          "attributes": {
            "arn": "arn:aws:ecr:us-east-1:591098699538:repository/langflow-ecr",
            "encryption_configuration": [
              {
                "encryption_type": "AES256",
                "kms_key": ""
              }
            ],
            "force_delete": null,
            "id": "langflow-ecr",
            "image_scanning_configuration": [
              {
                "scan_on_push": false
              }
            ],
            "image_tag_mutability": "MUTABLE",
            "name": "langflow-ecr",
            "region": "us-east-1",
            "registry_id": "591098699538",
            "repository_url": "591098699538.dkr.ecr.us-east-1.amazonaws.com/langflow-ecr",
            "tags": {},
            "tags_all": {},
            "timeouts": null
          },
          "sensitive_attributes": [],
          "identity_schema_version": 0,
          "private": "eyJlMmJmYjczMC1lY2FhLTExZTYtOGY4OC0zNDM2M2JjN2M0YzAiOnsiZGVsZXRlIjoxMjAwMDAwMDAwMDAwfX0="
        }
      ]
    },
    {
      "mode": "managed",
      "type": "aws_ecs_cluster",
      "name": "langflow_cluster",
      "provider": "provider[\"registry.terraform.io/hashicorp/aws\"]",
      "instances": [
        {
          "schema_version": 0,
          "attributes": {
            "arn": "arn:aws:ecs:us-east-1:591098699538:cluster/langflow-cluster",
            "configuration": [],
            "id": "arn:aws:ecs:us-east-1:591098699538:cluster/langflow-cluster",
            "name": "langflow-cluster",
            "region": "us-east-1",
            "service_connect_defaults": [],
            "setting": [
              {
                "name": "containerInsights",
                "value": "disabled"
              }
            ],
            "tags": {},
            "tags_all": {}
          },
          "sensitive_attributes": [],
          "identity_schema_version": 0,
          "private": "bnVsbA=="
        }
      ]
    },
    {
      "mode": "managed",
      "type": "aws_ecs_service",
      "name": "langflow_service",
      "provider": "provider[\"registry.terraform.io/hashicorp/aws\"]",
      "instances": [
        {
          "schema_version": 1,
          "attributes": {
            "alarms": [],
            "arn": "arn:aws:ecs:us-east-1:591098699538:service/langflow-cluster/langflow-service",
            "availability_zone_rebalancing": "DISABLED",
            "capacity_provider_strategy": [],
            "cluster": "arn:aws:ecs:us-east-1:591098699538:cluster/langflow-cluster",
            "deployment_circuit_breaker": [
              {
                "enable": false,
                "rollback": false
              }
            ],
            "deployment_configuration": [],
            "deployment_controller": [
              {
                "type": "ECS"
              }
            ],
            "deployment_maximum_percent": 200,
            "deployment_minimum_healthy_percent": 100,
            "desired_count": 1,
            "enable_ecs_managed_tags": false,
            "enable_execute_command": false,
            "force_delete": null,
            "force_new_deployment": null,
            "health_check_grace_period_seconds": 0,
            "iam_role": "/aws-service-role/ecs.amazonaws.com/AWSServiceRoleForECS",
            "id": "arn:aws:ecs:us-east-1:591098699538:service/langflow-cluster/langflow-service",
            "launch_type": "FARGATE",
            "load_balancer": [],
            "name": "langflow-service",
            "network_configuration": [
              {
                "assign_public_ip": true,
                "security_groups": [
                  "sg-01a60dd89eb8ade0c"
                ],
                "subnets": [
                  "subnet-0e71848568377c3dd"
                ]
              }
            ],
            "ordered_placement_strategy": [],
            "placement_constraints": [],
            "platform_version": "LATEST",
            "propagate_tags": "NONE",
            "region": "us-east-1",
            "scheduling_strategy": "REPLICA",
            "service_connect_configuration": [],
            "service_registries": [],
            "tags": {},
            "tags_all": {},
            "task_definition": "arn:aws:ecs:us-east-1:591098699538:task-definition/langflow-task:2",
            "timeouts": null,
            "triggers": {},
            "volume_configuration": [],
            "vpc_lattice_configurations": [],
            "wait_for_steady_state": false
          },
          "sensitive_attributes": [],
          "identity_schema_version": 0,
          "private": "eyJlMmJmYjczMC1lY2FhLTExZTYtOGY4OC0zNDM2M2JjN2M0YzAiOnsiY3JlYXRlIjoxMjAwMDAwMDAwMDAwLCJkZWxldGUiOjEyMDAwMDAwMDAwMDAsInVwZGF0ZSI6MTIwMDAwMDAwMDAwMH0sInNjaGVtYV92ZXJzaW9uIjoiMSJ9",
          "dependencies": [
            "aws_ecs_cluster.langflow_cluster",
            "aws_ecs_task_definition.langflow_task",
            "aws_iam_policy_attachment.ecs_execution_attach",
            "aws_iam_role.ecs_task_execution_role",
            "aws_security_group.ecs_sg",
            "aws_subnet.public",
            "aws_vpc.main"
          ]
        }
      ]
    },
    {
      "mode": "managed",
      "type": "aws_ecs_task_definition",
      "name": "langflow_task",
      "provider": "provider[\"registry.terraform.io/hashicorp/aws\"]",
      "instances": [
        {
          "schema_version": 1,
          "attributes": {
            "arn": "arn:aws:ecs:us-east-1:591098699538:task-definition/langflow-task:2",
            "arn_without_revision": "arn:aws:ecs:us-east-1:591098699538:task-definition/langflow-task",
            "container_definitions": "[{\"environment\":[],\"essential\":true,\"image\":\"nginx\",\"mountPoints\":[],\"name\":\"langflow-container\",\"portMappings\":[{\"containerPort\":80,\"hostPort\":80,\"protocol\":\"tcp\"}],\"systemControls\":[],\"volumesFrom\":[]}]",
            "cpu": "256",
            "enable_fault_injection": false,
            "ephemeral_storage": [],
            "execution_role_arn": "arn:aws:iam::591098699538:role/ecsTaskExecutionRole",
            "family": "langflow-task",
            "id": "langflow-task",
            "ipc_mode": "",
            "memory": "512",
            "network_mode": "awsvpc",
            "pid_mode": "",
            "placement_constraints": [],
            "proxy_configuration": [],
            "region": "us-east-1",
            "requires_compatibilities": [
              "FARGATE"
            ],
            "revision": 2,
            "runtime_platform": [],
            "skip_destroy": false,
            "tags": {},
            "tags_all": {},
            "task_role_arn": "",
            "track_latest": false,
            "volume": []
          },
          "sensitive_attributes": [],
          "identity_schema_version": 0,
          "private": "eyJzY2hlbWFfdmVyc2lvbiI6IjEifQ==",
          "dependencies": [
            "aws_iam_role.ecs_task_execution_role"
          ]
        }
      ]
    },
    {
      "mode": "managed",
      "type": "aws_iam_policy_attachment",
      "name": "ecs_execution_attach",
      "provider": "provider[\"registry.terraform.io/hashicorp/aws\"]",
      "instances": [
        {
          "schema_version": 0,
          "attributes": {
            "groups": [],
            "id": "ecs-task-execution-policy",
            "name": "ecs-task-execution-policy",
            "policy_arn": "arn:aws:iam::aws:policy/service-role/AmazonECSTaskExecutionRolePolicy",
            "roles": [
              "ecsTaskExecutionRole"
            ],
            "users": []
          },
          "sensitive_attributes": [],
          "identity_schema_version": 0,
          "private": "bnVsbA==",
          "dependencies": [
            "aws_iam_role.ecs_task_execution_role"
          ]
        }
      ]
    },
    {
      "mode": "managed",
      "type": "aws_iam_policy_attachment",
      "name": "ecs_task_execution_role_attach",
      "provider": "provider[\"registry.terraform.io/hashicorp/aws\"]",
      "instances": [
        {
          "schema_version": 0,
          "attributes": {
            "groups": null,
            "id": "ecs-task-execution-role-attachment",
            "name": "ecs-task-execution-role-attachment",
            "policy_arn": "arn:aws:iam::aws:policy/service-role/AmazonECSTaskExecutionRolePolicy",
            "roles": [
              "ecsTaskExecutionRole"
            ],
            "users": null
          },
          "sensitive_attributes": [],
          "identity_schema_version": 0,
          "private": "bnVsbA==",
          "dependencies": [
            "aws_iam_role.ecs_task_execution_role"
          ]
        }
      ]
    },
    {
      "mode": "managed",
      "type": "aws_iam_role",
      "name": "ecs_task_execution_role",
      "provider": "provider[\"registry.terraform.io/hashicorp/aws\"]",
      "instances": [
        {
          "schema_version": 0,
          "attributes": {
            "arn": "arn:aws:iam::591098699538:role/ecsTaskExecutionRole",
            "assume_role_policy": "{\"Statement\":[{\"Action\":\"sts:AssumeRole\",\"Effect\":\"Allow\",\"Principal\":{\"Service\":\"ecs-tasks.amazonaws.com\"}}],\"Version\":\"2012-10-17\"}",
            "create_date": "2025-07-19T09:55:07Z",
            "description": "",
            "force_detach_policies": false,
            "id": "ecsTaskExecutionRole",
            "inline_policy": [],
            "managed_policy_arns": [
              "arn:aws:iam::aws:policy/service-role/AmazonECSTaskExecutionRolePolicy"
            ],
            "max_session_duration": 3600,
            "name": "ecsTaskExecutionRole",
            "name_prefix": "",
            "path": "/",
            "permissions_boundary": "",
            "tags": {},
            "tags_all": {},
            "unique_id": "AROAYTIB2L4JA3KZIKIVA"
          },
          "sensitive_attributes": [],
          "identity_schema_version": 0,
          "identity": {
            "account_id": "591098699538",
            "name": "ecsTaskExecutionRole"
          },
          "private": "bnVsbA=="
        }
      ]
    },
    {
      "mode": "managed",
      "type": "aws_instance",
      "name": "langflow_ec2",
      "provider": "provider[\"registry.terraform.io/hashicorp/aws\"]",
      "instances": [
        {
          "schema_version": 2,
          "attributes": {
            "ami": "ami-053b0d53c279acc90",
            "arn": "arn:aws:ec2:us-east-1:591098699538:instance/i-084dcf3c4177d6cb2",
            "associate_public_ip_address": true,
            "availability_zone": "us-east-1a",
            "capacity_reservation_specification": [
              {
                "capacity_reservation_preference": "open",
                "capacity_reservation_target": []
              }
            ],
            "cpu_options": [
              {
                "amd_sev_snp": "",
                "core_count": 1,
                "threads_per_core": 2
              }
            ],
            "credit_specification": [
              {
                "cpu_credits": "unlimited"
              }
            ],
            "disable_api_stop": false,
            "disable_api_termination": false,
            "ebs_block_device": [],
            "ebs_optimized": false,
            "enable_primary_ipv6": null,
            "enclave_options": [
              {
                "enabled": false
              }
            ],
            "ephemeral_block_device": [],
            "get_password_data": false,
            "hibernation": false,
            "host_id": "",
            "host_resource_group_arn": null,
            "iam_instance_profile": "",
            "id": "i-084dcf3c4177d6cb2",
            "instance_initiated_shutdown_behavior": "stop",
            "instance_lifecycle": "",
            "instance_market_options": [],
            "instance_state": "running",
            "instance_type": "t3.micro",
            "ipv6_address_count": 0,
            "ipv6_addresses": [],
            "key_name": "langflow-key",
            "launch_template": [],
            "maintenance_options": [
              {
                "auto_recovery": "default"
              }
            ],
            "metadata_options": [
              {
                "http_endpoint": "enabled",
                "http_protocol_ipv6": "disabled",
                "http_put_response_hop_limit": 1,
                "http_tokens": "optional",
                "instance_metadata_tags": "disabled"
              }
            ],
            "monitoring": false,
            "network_interface": [],
            "outpost_arn": "",
            "password_data": "",
            "placement_group": "",
            "placement_partition_number": 0,
            "primary_network_interface_id": "eni-06e6085d8169ec0f9",
            "private_dns": "ip-10-0-1-97.ec2.internal",
            "private_dns_name_options": [
              {
                "enable_resource_name_dns_a_record": false,
                "enable_resource_name_dns_aaaa_record": false,
                "hostname_type": "ip-name"
              }
            ],
            "private_ip": "10.0.1.97",
            "public_dns": "ec2-18-234-160-161.compute-1.amazonaws.com",
            "public_ip": "18.234.160.161",
            "region": "us-east-1",
            "root_block_device": [
              {
                "delete_on_termination": true,
                "device_name": "/dev/sda1",
                "encrypted": false,
                "iops": 100,
                "kms_key_id": "",
                "tags": {},
                "tags_all": {},
                "throughput": 0,
                "volume_id": "vol-0aaca45ac39a78f65",
                "volume_size": 8,
                "volume_type": "gp2"
              }
            ],
            "secondary_private_ips": [],
            "security_groups": [],
            "source_dest_check": true,
            "spot_instance_request_id": "",
            "subnet_id": "subnet-0e71848568377c3dd",
            "tags": {
              "Name": "LangflowEC2"
            },
            "tags_all": {
              "Name": "LangflowEC2"
            },
            "tenancy": "default",
            "timeouts": null,
            "user_data": null,
            "user_data_base64": null,
            "user_data_replace_on_change": false,
            "volume_tags": null,
            "vpc_security_group_ids": [
              "sg-03ca58fdf5b7283b1"
            ]
          },
          "sensitive_attributes": [],
          "identity_schema_version": 0,
          "private": "eyJlMmJmYjczMC1lY2FhLTExZTYtOGY4OC0zNDM2M2JjN2M0YzAiOnsiY3JlYXRlIjo2MDAwMDAwMDAwMDAsImRlbGV0ZSI6MTIwMDAwMDAwMDAwMCwicmVhZCI6OTAwMDAwMDAwMDAwLCJ1cGRhdGUiOjYwMDAwMDAwMDAwMH0sInNjaGVtYV92ZXJzaW9uIjoiMiJ9",
          "dependencies": [
            "aws_key_pair.langflow_key",
            "aws_security_group.langflow_sg",
            "aws_subnet.public",
            "aws_vpc.main",
            "tls_private_key.langflow_key"
          ]
        }
      ]
    },
    {
      "mode": "managed",
      "type": "aws_internet_gateway",
      "name": "igw",
      "provider": "provider[\"registry.terraform.io/hashicorp/aws\"]",
      "instances": [
        {
          "schema_version": 0,
          "attributes": {
            "arn": "arn:aws:ec2:us-east-1:591098699538:internet-gateway/igw-00c60928427f1f605",
            "id": "igw-00c60928427f1f605",
            "owner_id": "591098699538",
            "region": "us-east-1",
            "tags": {},
            "tags_all": {},
            "timeouts": null,
            "vpc_id": "vpc-05f16d2210508b6f7"
          },
          "sensitive_attributes": [],
          "identity_schema_version": 0,
          "private": "eyJlMmJmYjczMC1lY2FhLTExZTYtOGY4OC0zNDM2M2JjN2M0YzAiOnsiY3JlYXRlIjoxMjAwMDAwMDAwMDAwLCJkZWxldGUiOjEyMDAwMDAwMDAwMDAsInVwZGF0ZSI6MTIwMDAwMDAwMDAwMH19",
          "dependencies": [
            "aws_vpc.main"
          ]
        }
      ]
    },
    {
      "mode": "managed",
      "type": "aws_key_pair",
      "name": "langflow_key",
      "provider": "provider[\"registry.terraform.io/hashicorp/aws\"]",
      "instances": [
        {
          "schema_version": 1,
          "attributes": {
            "arn": "arn:aws:ec2:us-east-1:591098699538:key-pair/langflow-key",
            "fingerprint": "d5:3b:9a:08:66:05:60:80:d2:60:16:ab:08:c7:f8:7b",
            "id": "langflow-key",
            "key_name": "langflow-key",
            "key_name_prefix": "",
            "key_pair_id": "key-088cee700a5d0791c",
            "key_type": "rsa",
            "public_key": "ssh-rsa AAAAB3NzaC1yc2EAAAADAQABAAACAQDLwTv05yS1xhcLn7Sw6nXkvanWYWUFwT8qW09RKGQcvRhH/hyjycoQMoH1luWTMh2s8QVxw9/qjwn1Oo3im8B+GNX9cVX0PigjIgPOyyT5ac20KmzbHeVccGzRZO0aKoEkRFzo1CaLPfqlEEnbOi2Ho8S1Fn2QswTXcq48iN3zpaXKFQzjp673EEiCce58QI3qoXNTtYrFxHZLPNiBeRCjonKhGmvSCxK/i9d3rmnSEx0/tuxvUA35V2KWyBZjPN6R8pxx2fCNDR5eT6YYUrWpXCsec9T2dVWbaGAiBt73Npbne9ItKamBcqFXhutp9l8MmvO4yuja0mBbdQZ8vUKY8i98guwnlukTQ81Mwpo1SMqpzd4VfXxg+TJ76KdEY0mt7pP8FQVnBFnSYiI9zLDUUYQWu3OXCZpx7xcl7TMheOzhhI7+2y+0ru/EeIlw0it5+C+he0K1FNanSS/5Idu9rMI0bXzUR5NzdTDmxm/gfBuBEyD1jSdLlrwUPgcq0f/8qLiDv/9M66gqCM7JuBvdStJTpuwJzL1sdCQhEqbXrmzFpqNnFq7QU1nGsfik8rPtA+oqWSWY4KL/rX59pDlOAHp7QwMZ6cPcqWJkJ5fZmh1NEE9UpJnpzAzKp2DS2bZjTuyAY9J0AEGZEUY5CAxzAYRmBOuiRSTEEZrCWFFCcw==",
            "region": "us-east-1",
            "tags": {},
            "tags_all": {}
          },
          "sensitive_attributes": [],
          "identity_schema_version": 0,
          "private": "eyJzY2hlbWFfdmVyc2lvbiI6IjEifQ==",
          "dependencies": [
            "tls_private_key.langflow_key"
          ]
        }
      ]
    },
    {
      "mode": "managed",
      "type": "aws_route_table",
      "name": "rt",
      "provider": "provider[\"registry.terraform.io/hashicorp/aws\"]",
      "instances": [
        {
          "schema_version": 0,
          "attributes": {
            "arn": "arn:aws:ec2:us-east-1:591098699538:route-table/rtb-04fa00b4f0145532a",
            "id": "rtb-04fa00b4f0145532a",
            "owner_id": "591098699538",
            "propagating_vgws": [],
            "region": "us-east-1",
            "route": [
              {
                "carrier_gateway_id": "",
                "cidr_block": "0.0.0.0/0",
                "core_network_arn": "",
                "destination_prefix_list_id": "",
                "egress_only_gateway_id": "",
                "gateway_id": "igw-00c60928427f1f605",
                "ipv6_cidr_block": "",
                "local_gateway_id": "",
                "nat_gateway_id": "",
                "network_interface_id": "",
                "transit_gateway_id": "",
                "vpc_endpoint_id": "",
                "vpc_peering_connection_id": ""
              }
            ],
            "tags": {},
            "tags_all": {},
            "timeouts": null,
            "vpc_id": "vpc-05f16d2210508b6f7"
          },
          "sensitive_attributes": [],
          "identity_schema_version": 0,
          "private": "eyJlMmJmYjczMC1lY2FhLTExZTYtOGY4OC0zNDM2M2JjN2M0YzAiOnsiY3JlYXRlIjozMDAwMDAwMDAwMDAsImRlbGV0ZSI6MzAwMDAwMDAwMDAwLCJ1cGRhdGUiOjEyMDAwMDAwMDAwMH19",
          "dependencies": [
            "aws_internet_gateway.igw",
            "aws_vpc.main"
          ]
        }
      ]
    },
    {
      "mode": "managed",
      "type": "aws_route_table_association",
      "name": "rta",
      "provider": "provider[\"registry.terraform.io/hashicorp/aws\"]",
      "instances": [
        {
          "schema_version": 0,
          "attributes": {
            "gateway_id": "",
            "id": "rtbassoc-08551d3e6e62fc0f7",
            "region": "us-east-1",
            "route_table_id": "rtb-04fa00b4f0145532a",
            "subnet_id": "subnet-0e71848568377c3dd",
            "timeouts": null
          },
          "sensitive_attributes": [],
          "identity_schema_version": 0,
          "private": "eyJlMmJmYjczMC1lY2FhLTExZTYtOGY4OC0zNDM2M2JjN2M0YzAiOnsiY3JlYXRlIjozMDAwMDAwMDAwMDAsImRlbGV0ZSI6MzAwMDAwMDAwMDAwLCJ1cGRhdGUiOjEyMDAwMDAwMDAwMH19",
          "dependencies": [
            "aws_internet_gateway.igw",
            "aws_route_table.rt",
            "aws_subnet.public",
            "aws_vpc.main"
          ]
        }
      ]
    },
    {
      "mode": "managed",
      "type": "aws_security_group",
      "name": "ecs_sg",
      "provider": "provider[\"registry.terraform.io/hashicorp/aws\"]",
      "instances": [
        {
          "schema_version": 1,
          "attributes": {
            "arn": "arn:aws:ec2:us-east-1:591098699538:security-group/sg-01a60dd89eb8ade0c",
            "description": "Allow HTTP",
            "egress": [
              {
                "cidr_blocks": [
                  "0.0.0.0/0"
                ],
                "description": "",
                "from_port": 0,
                "ipv6_cidr_blocks": [],
                "prefix_list_ids": [],
                "protocol": "-1",
                "security_groups": [],
                "self": false,
                "to_port": 0
              }
            ],
            "id": "sg-01a60dd89eb8ade0c",
            "ingress": [
              {
                "cidr_blocks": [
                  "0.0.0.0/0"
                ],
                "description": "",
                "from_port": 80,
                "ipv6_cidr_blocks": [],
                "prefix_list_ids": [],
                "protocol": "tcp",
                "security_groups": [],
                "self": false,
                "to_port": 80
              }
            ],
            "name": "ecs-sg",
            "name_prefix": "",
            "owner_id": "591098699538",
            "region": "us-east-1",
            "revoke_rules_on_delete": false,
            "tags": {},
            "tags_all": {},
            "timeouts": null,
            "vpc_id": "vpc-05f16d2210508b6f7"
          },
          "sensitive_attributes": [],
          "identity_schema_version": 0,
          "private": "eyJlMmJmYjczMC1lY2FhLTExZTYtOGY4OC0zNDM2M2JjN2M0YzAiOnsiY3JlYXRlIjo2MDAwMDAwMDAwMDAsImRlbGV0ZSI6OTAwMDAwMDAwMDAwfSwic2NoZW1hX3ZlcnNpb24iOiIxIn0=",
          "dependencies": [
            "aws_vpc.main"
          ]
        }
      ]
    },
    {
      "mode": "managed",
      "type": "aws_security_group",
      "name": "langflow_sg",
      "provider": "provider[\"registry.terraform.io/hashicorp/aws\"]",
      "instances": [
        {
          "schema_version": 1,
          "attributes": {
            "arn": "arn:aws:ec2:us-east-1:591098699538:security-group/sg-03ca58fdf5b7283b1",
            "description": "Allow inbound HTTP and SSH",
            "egress": [
              {
                "cidr_blocks": [
                  "0.0.0.0/0"
                ],
                "description": "",
                "from_port": 0,
                "ipv6_cidr_blocks": [],
                "prefix_list_ids": [],
                "protocol": "-1",
                "security_groups": [],
                "self": false,
                "to_port": 0
              }
            ],
            "id": "sg-03ca58fdf5b7283b1",
            "ingress": [
              {
                "cidr_blocks": [
                  "0.0.0.0/0"
                ],
                "description": "",
                "from_port": 22,
                "ipv6_cidr_blocks": [],
                "prefix_list_ids": [],
                "protocol": "tcp",
                "security_groups": [],
                "self": false,
                "to_port": 22
              },
              {
                "cidr_blocks": [
                  "0.0.0.0/0"
                ],
                "description": "",
                "from_port": 7860,
                "ipv6_cidr_blocks": [],
                "prefix_list_ids": [],
                "protocol": "tcp",
                "security_groups": [],
                "self": false,
                "to_port": 7860
              }
            ],
            "name": "langflow_sg",
            "name_prefix": "",
            "owner_id": "591098699538",
            "region": "us-east-1",
            "revoke_rules_on_delete": false,
            "tags": {},
            "tags_all": {},
            "timeouts": null,
            "vpc_id": "vpc-05f16d2210508b6f7"
          },
          "sensitive_attributes": [],
          "identity_schema_version": 0,
          "private": "eyJlMmJmYjczMC1lY2FhLTExZTYtOGY4OC0zNDM2M2JjN2M0YzAiOnsiY3JlYXRlIjo2MDAwMDAwMDAwMDAsImRlbGV0ZSI6OTAwMDAwMDAwMDAwfSwic2NoZW1hX3ZlcnNpb24iOiIxIn0=",
          "dependencies": [
            "aws_vpc.main"
          ]
        }
      ]
    },
    {
      "mode": "managed",
      "type": "aws_subnet",
      "name": "public",
      "provider": "provider[\"registry.terraform.io/hashicorp/aws\"]",
      "instances": [
        {
          "schema_version": 1,
          "attributes": {
            "arn": "arn:aws:ec2:us-east-1:591098699538:subnet/subnet-0e71848568377c3dd",
            "assign_ipv6_address_on_creation": false,
            "availability_zone": "us-east-1a",
            "availability_zone_id": "use1-az1",
            "cidr_block": "10.0.1.0/24",
            "customer_owned_ipv4_pool": "",
            "enable_dns64": false,
            "enable_lni_at_device_index": 0,
            "enable_resource_name_dns_a_record_on_launch": false,
            "enable_resource_name_dns_aaaa_record_on_launch": false,
            "id": "subnet-0e71848568377c3dd",
            "ipv6_cidr_block": "",
            "ipv6_cidr_block_association_id": "",
            "ipv6_native": false,
            "map_customer_owned_ip_on_launch": false,
            "map_public_ip_on_launch": true,
            "outpost_arn": "",
            "owner_id": "591098699538",
            "private_dns_hostname_type_on_launch": "ip-name",
            "region": "us-east-1",
            "tags": {},
            "tags_all": {},
            "timeouts": null,
            "vpc_id": "vpc-05f16d2210508b6f7"
          },
          "sensitive_attributes": [],
          "identity_schema_version": 0,
          "private": "eyJlMmJmYjczMC1lY2FhLTExZTYtOGY4OC0zNDM2M2JjN2M0YzAiOnsiY3JlYXRlIjo2MDAwMDAwMDAwMDAsImRlbGV0ZSI6MTIwMDAwMDAwMDAwMH0sInNjaGVtYV92ZXJzaW9uIjoiMSJ9",
          "dependencies": [
            "aws_vpc.main"
          ]
        }
      ]
    },
    {
      "mode": "managed",
      "type": "aws_vpc",
      "name": "main",
      "provider": "provider[\"registry.terraform.io/hashicorp/aws\"]",
      "instances": [
        {
          "schema_version": 1,
          "attributes": {
            "arn": "arn:aws:ec2:us-east-1:591098699538:vpc/vpc-05f16d2210508b6f7",
            "assign_generated_ipv6_cidr_block": false,
            "cidr_block": "10.0.0.0/16",
            "default_network_acl_id": "acl-04fd3b00a729d3278",
            "default_route_table_id": "rtb-0f9a9ebf53581c750",
            "default_security_group_id": "sg-0b6f4a88969fd7a66",
            "dhcp_options_id": "dopt-04354748d09d08bcc",
            "enable_dns_hostnames": true,
            "enable_dns_support": true,
            "enable_network_address_usage_metrics": false,
            "id": "vpc-05f16d2210508b6f7",
            "instance_tenancy": "default",
            "ipv4_ipam_pool_id": null,
            "ipv4_netmask_length": null,
            "ipv6_association_id": "",
            "ipv6_cidr_block": "",
            "ipv6_cidr_block_network_border_group": "",
            "ipv6_ipam_pool_id": "",
            "ipv6_netmask_length": 0,
            "main_route_table_id": "rtb-0f9a9ebf53581c750",
            "owner_id": "591098699538",
            "region": "us-east-1",
            "tags": {},
            "tags_all": {}
          },
          "sensitive_attributes": [],
          "identity_schema_version": 0,
          "private": "eyJzY2hlbWFfdmVyc2lvbiI6IjEifQ=="
        }
      ]
    },
    {
      "mode": "managed",
      "type": "tls_private_key",
      "name": "langflow_key",
      "provider": "provider[\"registry.terraform.io/hashicorp/tls\"]",
      "instances": [
        {
          "schema_version": 1,
          "attributes": {
            "algorithm": "RSA",
            "ecdsa_curve": "P224",
            "id": "df9cf3835d457374dde00a04a8a431178040b34b",
            "private_key_openssh": "-----BEGIN OPENSSH PRIVATE KEY-----\nb3BlbnNzaC1rZXktdjEAAAAABG5vbmUAAAAEbm9uZQAAAAAAAAABAAACFwAAAAdz\nc2gtcnNhAAAAAwEAAQAAAgEAy8E79OcktcYXC5+0sOp15L2p1mFlBcE/KltPUShk\nHL0YR/4co8nKEDKB9ZblkzIdrPEFccPf6o8J9TqN4pvAfhjV/XFV9D4oIyIDzssk\n+WnNtCps2x3lXHBs0WTtGiqBJERc6NQmiz36pRBJ2zoth6PEtRZ9kLME13KuPIjd\n86WlyhUM46eu9xBIgnHufECN6qFzU7WKxcR2SzzYgXkQo6JyoRpr0gsSv4vXd65p\n0hMdP7bsb1AN+VdilsgWYzzekfKccdnwjQ0eXk+mGFK1qVwrHnPU9nVVm2hgIgbe\n9zaW53vSLSmpgXKhV4brafZfDJrzuMro2tJgW3UGfL1CmPIvfILsJ5bpE0PNTMKa\nNUjKqc3eFX18YPkye+inRGNJre6T/BUFZwRZ0mIiPcyw1FGEFrtzlwmace8XJe0z\nIXjs4YSO/tsvtK7vxHiJcNIrefgvoXtCtRTWp0kv+SHbvazCNG181EeTc3Uw5sZv\n4HwbgRMg9Y0nS5a8FD4HKtH//Ki4g7//TOuoKgjOybgb3UrSU6bsCcy9bHQkIRKm\n165sxaajZxau0FNZxrH4pPKz7QPqKlklmOCi/61+faQ5TgB6e0MDGenD3KliZCeX\n2ZodTRBPVKSZ6cwMyqdg0tm2Y07sgGPSdABBmRFGOQgMcwGEZgTrokUkxBGawlhR\nQnMAAAc4XriSTV64kk0AAAAHc3NoLXJzYQAAAgEAy8E79OcktcYXC5+0sOp15L2p\n1mFlBcE/KltPUShkHL0YR/4co8nKEDKB9ZblkzIdrPEFccPf6o8J9TqN4pvAfhjV\n/XFV9D4oIyIDzssk+WnNtCps2x3lXHBs0WTtGiqBJERc6NQmiz36pRBJ2zoth6PE\ntRZ9kLME13KuPIjd86WlyhUM46eu9xBIgnHufECN6qFzU7WKxcR2SzzYgXkQo6Jy\noRpr0gsSv4vXd65p0hMdP7bsb1AN+VdilsgWYzzekfKccdnwjQ0eXk+mGFK1qVwr\nHnPU9nVVm2hgIgbe9zaW53vSLSmpgXKhV4brafZfDJrzuMro2tJgW3UGfL1CmPIv\nfILsJ5bpE0PNTMKaNUjKqc3eFX18YPkye+inRGNJre6T/BUFZwRZ0mIiPcyw1FGE\nFrtzlwmace8XJe0zIXjs4YSO/tsvtK7vxHiJcNIrefgvoXtCtRTWp0kv+SHbvazC\nNG181EeTc3Uw5sZv4HwbgRMg9Y0nS5a8FD4HKtH//Ki4g7//TOuoKgjOybgb3UrS\nU6bsCcy9bHQkIRKm165sxaajZxau0FNZxrH4pPKz7QPqKlklmOCi/61+faQ5TgB6\ne0MDGenD3KliZCeX2ZodTRBPVKSZ6cwMyqdg0tm2Y07sgGPSdABBmRFGOQgMcwGE\nZgTrokUkxBGawlhRQnMAAAADAQABAAACACwDoP0FVWPC18WWCUVSUIdKBT8fKOB2\nXzu6H8crT3z5yB39IZisBW88SeCQaSVD5S8vnXp20o7ruT31GSNDe/CBUvB9pBCv\nwKHePi5UqbcLCPmLVJp8ucgfLRKKl8FYPy9jaSKOeYkIqXUwsJOf3Kf5U4u+wP8Z\n/MjBqCvBcRipxseBhphC58PNC6zKCbdjhoSRvcTuaXzRNLCKA0bsrRB8DgEJIRNt\neu5PugrLbWaI5H+X9zkQdQRQwSZLMLLdOkMSwoLBjnoZxF6hHAMTEtTz6QiaAv3+\nWLDKekG/dDi43R5CHCPPZSNmbL3okkAAjYW+jzly85wZZ+E5xV360ECweKZhqlpN\nJPCFwVkTnKieFKG6hrJJ/9IAHoZgfv2i4xe/eI9cx458sXOtQx9XtTStcwNLfgy5\nh9BdgMeLsGtgECujQP2nWQ2DhTQKxU3OukeZAwoubL5DtvC+oWzt8PXwxaf7LMxT\nxWSJsU3GeFxZD6fVIYfTm1yg85m0VzT9j5lVdMkhlC7zDdLKoI/mGH13+G4vRD/4\nEbdg8fq9H0SXDoo22bWkHz/h0EcPvqblzmI2BB+J2Y7j16HUAADrU3n4zkp1xpNy\nqPkMycEYgxnKxdHkJkN2Etxdm4io3QCcchCl2AENEwTbooTc337QHduOHqUxQvnV\nWAtR1yMK992ZAAABAC2rvKKmo5Ocr9cKQH/OEauw2dDajYsMsOanrY0jokZBQ6U6\nOkdChxYuaiU+zQM7HrQyONkgKOJYymxON7FfxJ+zsNKoZxR1o0RMaDGeAwU8fi1I\naYr7mTvRqLg0v6ZoAt1bY5k34mcGgh5UapLbwpXa5bVQAwxaa+gErTcWqwhpClIB\nWBI1fFR9dbcTprRbbAiR5YwzbWH4wwZ0Hk9f23smxTfDL1ZLi1rciule2ykXKCby\nmGfKzTMMJ2RSzyjGExu9XokkqYbyUNHOmK0YWlmyPr6Lf28EarFkeHJ86nR9uKaf\n4uXp0qKChAagobmeri79N/+ep4ormFrfppA4ClYAAAEBAMvVAThzcQsfZX+iHIe1\nd4u1qzactzV/qO9my+IWus+ltsHSt6THyA9y+p/nzrSpgIuceeHq6jz/9roJymZq\nOKDVehPc+l5KFluSh36Fygkjjork6fPLyRtHAhjkdcGDJhPUBb8UuE5FumfA0VTN\nOpyya+srnmp27aa6f5pxfRNwRNs3PN/oweT73jfiLQP19OFhQ7hVgPWv2wj3exrf\nULWDF4Kj/k7mobU1tvbdhl0opa14dPFs2/y5+ysBaG2WgZ0mqO5w02vhnkVQexlp\nFIPaqemWEBgC+5Jfkndrx4MH2mI3ZFe0Q/IqRbaigjBHwRGTrCJyp5o6pyu0MN0Y\n1mcAAAEBAP/nK2BydPyHzwa7+z9v5zm9v3FBY8QNWu4sbBsVArLIwLeJLVckoCCl\nOzOvJfg1+WadAdVw37p03uSGurA/5OAOXjXS918jRAJW+Kjn9MIfJnsBWdnn7Xeq\n8TLul82ta9wPv6xZZhXhM531niMGwiDxZMdxdly7UijtVX6Wr3LIhLMMKURaKeX7\ns3o10gSzUwCd4xLfYuoU+VRLA+gn15SDmOLYphEFETa4wnZOOnEQ0h3t0d5A44/6\nWNZJtfJUXgp2knp0WBUIBjGIHt2JO7aXLlqsU9K6OHJ+uTOrmdeQjTri4R0YtbZT\n7joslu75hW+DAue7Tj27ZIbP93w3dBUAAAAAAQID\n-----END OPENSSH PRIVATE KEY-----\n",
            "private_key_pem": "-----BEGIN RSA PRIVATE KEY-----\nMIIJKQIBAAKCAgEAy8E79OcktcYXC5+0sOp15L2p1mFlBcE/KltPUShkHL0YR/4c\no8nKEDKB9ZblkzIdrPEFccPf6o8J9TqN4pvAfhjV/XFV9D4oIyIDzssk+WnNtCps\n2x3lXHBs0WTtGiqBJERc6NQmiz36pRBJ2zoth6PEtRZ9kLME13KuPIjd86WlyhUM\n46eu9xBIgnHufECN6qFzU7WKxcR2SzzYgXkQo6JyoRpr0gsSv4vXd65p0hMdP7bs\nb1AN+VdilsgWYzzekfKccdnwjQ0eXk+mGFK1qVwrHnPU9nVVm2hgIgbe9zaW53vS\nLSmpgXKhV4brafZfDJrzuMro2tJgW3UGfL1CmPIvfILsJ5bpE0PNTMKaNUjKqc3e\nFX18YPkye+inRGNJre6T/BUFZwRZ0mIiPcyw1FGEFrtzlwmace8XJe0zIXjs4YSO\n/tsvtK7vxHiJcNIrefgvoXtCtRTWp0kv+SHbvazCNG181EeTc3Uw5sZv4HwbgRMg\n9Y0nS5a8FD4HKtH//Ki4g7//TOuoKgjOybgb3UrSU6bsCcy9bHQkIRKm165sxaaj\nZxau0FNZxrH4pPKz7QPqKlklmOCi/61+faQ5TgB6e0MDGenD3KliZCeX2ZodTRBP\nVKSZ6cwMyqdg0tm2Y07sgGPSdABBmRFGOQgMcwGEZgTrokUkxBGawlhRQnMCAwEA\nAQKCAgAsA6D9BVVjwtfFlglFUlCHSgU/Hyjgdl87uh/HK098+cgd/SGYrAVvPEng\nkGklQ+UvL516dtKO67k99RkjQ3vwgVLwfaQQr8Ch3j4uVKm3Cwj5i1SafLnIHy0S\nipfBWD8vY2kijnmJCKl1MLCTn9yn+VOLvsD/GfzIwagrwXEYqcbHgYaYQufDzQus\nygm3Y4aEkb3E7ml80TSwigNG7K0QfA4BCSETbXruT7oKy21miOR/l/c5EHUEUMEm\nSzCy3TpDEsKCwY56GcReoRwDExLU8+kImgL9/liwynpBv3Q4uN0eQhwjz2UjZmy9\n6JJAAI2Fvo85cvOcGWfhOcVd+tBAsHimYapaTSTwhcFZE5yonhShuoaySf/SAB6G\nYH79ouMXv3iPXMeOfLFzrUMfV7U0rXMDS34MuYfQXYDHi7BrYBAro0D9p1kNg4U0\nCsVNzrpHmQMKLmy+Q7bwvqFs7fD18MWn+yzMU8VkibFNxnhcWQ+n1SGH05tcoPOZ\ntFc0/Y+ZVXTJIZQu8w3SyqCP5hh9d/huL0Q/+BG3YPH6vR9Elw6KNtm1pB8/4dBH\nD76m5c5iNgQfidmO49eh1AAA61N5+M5KdcaTcqj5DMnBGIMZysXR5CZDdhLcXZuI\nqN0AnHIQpdgBDRME26KE3N9+0B3bjh6lMUL51VgLUdcjCvfdmQKCAQEAy9UBOHNx\nCx9lf6Ich7V3i7WrNpy3NX+o72bL4ha6z6W2wdK3pMfID3L6n+fOtKmAi5x54erq\nPP/2ugnKZmo4oNV6E9z6XkoWW5KHfoXKCSOOiuTp88vJG0cCGOR1wYMmE9QFvxS4\nTkW6Z8DRVM06nLJr6yueanbtprp/mnF9E3BE2zc83+jB5PveN+ItA/X04WFDuFWA\n9a/bCPd7Gt9QtYMXgqP+TuahtTW29t2GXSilrXh08Wzb/Ln7KwFobZaBnSao7nDT\na+GeRVB7GWkUg9qp6ZYQGAL7kl+Sd2vHgwfaYjdkV7RD8ipFtqKCMEfBEZOsInKn\nmjqnK7Qw3RjWZwKCAQEA/+crYHJ0/IfPBrv7P2/nOb2/cUFjxA1a7ixsGxUCssjA\nt4ktVySgIKU7M68l+DX5Zp0B1XDfunTe5Ia6sD/k4A5eNdL3XyNEAlb4qOf0wh8m\newFZ2eftd6rxMu6Xza1r3A+/rFlmFeEznfWeIwbCIPFkx3F2XLtSKO1VfpavcsiE\nswwpRFop5fuzejXSBLNTAJ3jEt9i6hT5VEsD6CfXlIOY4timEQURNrjCdk46cRDS\nHe3R3kDjj/pY1km18lReCnaSenRYFQgGMYge3Yk7tpcuWqxT0ro4cn65M6uZ15CN\nOuLhHRi1tlPuOiyW7vmFb4MC57tOPbtkhs/3fDd0FQKCAQEAui6H/N5FhVlaRqj2\n0mbJGU4JY8rl9fHzhykoVg1Y+c5uDsDAib0KWkI19tWwE4k4J034bok7CBjtbqT+\nwWmI7C/SYE5aSsH1hhNjvAfMsWhPDUNnBw8/VLEZk08q2GVI5Jen4A+3AZfjWl3f\nV0xWm0bGGHsxKiITlVWItLOxAY5s9qeP7R4X7Wa6ZeUsJRAGa8+CId/H+aJ1uc0E\nH1mXyRRC50uQQNWdI34672cNEg7MtpTujI9YqZHfgDq6/k6ZecgUSie4ljPxc3K9\n3koDOSUESp6NeMFQtTSi/n3uMRt9OHVMLGg2H/7IyrfJnvwLuFhgxN5hhRjKFbtz\nXqEPRQKCAQEAxwzod6fwCXIV/dYAs7J2eDp5DD5hvODqhvK00EgChlCTXu/r/am2\niE4eA7DMZwqMyV19TKn0zNMVgUqvMmMww3tJmrJTyoPi5bMCzldG0ixqwSkm29GE\nrB2iagyetdScXls9q3EKcCBxBwBDllkubXN3AY/nEnB+kukxJDtPk4gXeDIQc2Ny\nzbqAO6Jbj15xRLyLIWXzScMwwXlsO4uqK5JFPMZqPjjjz93dHSryWHpOBguzwB5X\nI+oGagCB71HiqF7cxzVyQkGwl5ya7ZVOhlOIMe1zcil5uM2Lf36ONtfwkwphMkHD\nLmSQnF2MtawPN9L/UoMmc+wsYJSpm8yClQKCAQAtq7yipqOTnK/XCkB/zhGrsNnQ\n2o2LDLDmp62NI6JGQUOlOjpHQocWLmolPs0DOx60MjjZICjiWMpsTjexX8Sfs7DS\nqGcUdaNETGgxngMFPH4tSGmK+5k70ai4NL+maALdW2OZN+JnBoIeVGqS28KV2uW1\nUAMMWmvoBK03FqsIaQpSAVgSNXxUfXW3E6a0W2wIkeWMM21h+MMGdB5PX9t7JsU3\nwy9WS4ta3IrpXtspFygm8phnys0zDCdkUs8oxhMbvV6JJKmG8lDRzpitGFpZsj6+\ni39vBGqxZHhyfOp0fbimn+Ll6dKigoQGoKG5nq4u/Tf/nqeKK5ha36aQOApW\n-----END RSA PRIVATE KEY-----\n",
            "private_key_pem_pkcs8": "-----BEGIN PRIVATE KEY-----\nMIIJQwIBADANBgkqhkiG9w0BAQEFAASCCS0wggkpAgEAAoICAQDLwTv05yS1xhcL\nn7Sw6nXkvanWYWUFwT8qW09RKGQcvRhH/hyjycoQMoH1luWTMh2s8QVxw9/qjwn1\nOo3im8B+GNX9cVX0PigjIgPOyyT5ac20KmzbHeVccGzRZO0aKoEkRFzo1CaLPfql\nEEnbOi2Ho8S1Fn2QswTXcq48iN3zpaXKFQzjp673EEiCce58QI3qoXNTtYrFxHZL\nPNiBeRCjonKhGmvSCxK/i9d3rmnSEx0/tuxvUA35V2KWyBZjPN6R8pxx2fCNDR5e\nT6YYUrWpXCsec9T2dVWbaGAiBt73Npbne9ItKamBcqFXhutp9l8MmvO4yuja0mBb\ndQZ8vUKY8i98guwnlukTQ81Mwpo1SMqpzd4VfXxg+TJ76KdEY0mt7pP8FQVnBFnS\nYiI9zLDUUYQWu3OXCZpx7xcl7TMheOzhhI7+2y+0ru/EeIlw0it5+C+he0K1FNan\nSS/5Idu9rMI0bXzUR5NzdTDmxm/gfBuBEyD1jSdLlrwUPgcq0f/8qLiDv/9M66gq\nCM7JuBvdStJTpuwJzL1sdCQhEqbXrmzFpqNnFq7QU1nGsfik8rPtA+oqWSWY4KL/\nrX59pDlOAHp7QwMZ6cPcqWJkJ5fZmh1NEE9UpJnpzAzKp2DS2bZjTuyAY9J0AEGZ\nEUY5CAxzAYRmBOuiRSTEEZrCWFFCcwIDAQABAoICACwDoP0FVWPC18WWCUVSUIdK\nBT8fKOB2Xzu6H8crT3z5yB39IZisBW88SeCQaSVD5S8vnXp20o7ruT31GSNDe/CB\nUvB9pBCvwKHePi5UqbcLCPmLVJp8ucgfLRKKl8FYPy9jaSKOeYkIqXUwsJOf3Kf5\nU4u+wP8Z/MjBqCvBcRipxseBhphC58PNC6zKCbdjhoSRvcTuaXzRNLCKA0bsrRB8\nDgEJIRNteu5PugrLbWaI5H+X9zkQdQRQwSZLMLLdOkMSwoLBjnoZxF6hHAMTEtTz\n6QiaAv3+WLDKekG/dDi43R5CHCPPZSNmbL3okkAAjYW+jzly85wZZ+E5xV360ECw\neKZhqlpNJPCFwVkTnKieFKG6hrJJ/9IAHoZgfv2i4xe/eI9cx458sXOtQx9XtTSt\ncwNLfgy5h9BdgMeLsGtgECujQP2nWQ2DhTQKxU3OukeZAwoubL5DtvC+oWzt8PXw\nxaf7LMxTxWSJsU3GeFxZD6fVIYfTm1yg85m0VzT9j5lVdMkhlC7zDdLKoI/mGH13\n+G4vRD/4Ebdg8fq9H0SXDoo22bWkHz/h0EcPvqblzmI2BB+J2Y7j16HUAADrU3n4\nzkp1xpNyqPkMycEYgxnKxdHkJkN2Etxdm4io3QCcchCl2AENEwTbooTc337QHduO\nHqUxQvnVWAtR1yMK992ZAoIBAQDL1QE4c3ELH2V/ohyHtXeLtas2nLc1f6jvZsvi\nFrrPpbbB0rekx8gPcvqf5860qYCLnHnh6uo8//a6Ccpmajig1XoT3PpeShZbkod+\nhcoJI46K5Onzy8kbRwIY5HXBgyYT1AW/FLhORbpnwNFUzTqcsmvrK55qdu2mun+a\ncX0TcETbNzzf6MHk+9434i0D9fThYUO4VYD1r9sI93sa31C1gxeCo/5O5qG1Nbb2\n3YZdKKWteHTxbNv8ufsrAWhtloGdJqjucNNr4Z5FUHsZaRSD2qnplhAYAvuSX5J3\na8eDB9piN2RXtEPyKkW2ooIwR8ERk6wicqeaOqcrtDDdGNZnAoIBAQD/5ytgcnT8\nh88Gu/s/b+c5vb9xQWPEDVruLGwbFQKyyMC3iS1XJKAgpTszryX4NflmnQHVcN+6\ndN7khrqwP+TgDl410vdfI0QCVvio5/TCHyZ7AVnZ5+13qvEy7pfNrWvcD7+sWWYV\n4TOd9Z4jBsIg8WTHcXZcu1Io7VV+lq9yyISzDClEWinl+7N6NdIEs1MAneMS32Lq\nFPlUSwPoJ9eUg5ji2KYRBRE2uMJ2TjpxENId7dHeQOOP+ljWSbXyVF4KdpJ6dFgV\nCAYxiB7diTu2ly5arFPSujhyfrkzq5nXkI064uEdGLW2U+46LJbu+YVvgwLnu049\nu2SGz/d8N3QVAoIBAQC6Lof83kWFWVpGqPbSZskZTgljyuX18fOHKShWDVj5zm4O\nwMCJvQpaQjX21bATiTgnTfhuiTsIGO1upP7BaYjsL9JgTlpKwfWGE2O8B8yxaE8N\nQ2cHDz9UsRmTTyrYZUjkl6fgD7cBl+NaXd9XTFabRsYYezEqIhOVVYi0s7EBjmz2\np4/tHhftZrpl5SwlEAZrz4Ih38f5onW5zQQfWZfJFELnS5BA1Z0jfjrvZw0SDsy2\nlO6Mj1ipkd+AOrr+Tpl5yBRKJ7iWM/Fzcr3eSgM5JQRKno14wVC1NKL+fe4xG304\ndUwsaDYf/sjKt8me/Au4WGDE3mGFGMoVu3NeoQ9FAoIBAQDHDOh3p/AJchX91gCz\nsnZ4OnkMPmG84OqG8rTQSAKGUJNe7+v9qbaITh4DsMxnCozJXX1MqfTM0xWBSq8y\nYzDDe0maslPKg+LlswLOV0bSLGrBKSbb0YSsHaJqDJ611JxeWz2rcQpwIHEHAEOW\nWS5tc3cBj+cScH6S6TEkO0+TiBd4MhBzY3LNuoA7oluPXnFEvIshZfNJwzDBeWw7\ni6orkkU8xmo+OOPP3d0dKvJYek4GC7PAHlcj6gZqAIHvUeKoXtzHNXJCQbCXnJrt\nlU6GU4gx7XNyKXm4zYt/fo421/CTCmEyQcMuZJCcXYy1rA830v9SgyZz7CxglKmb\nzIKVAoIBAC2rvKKmo5Ocr9cKQH/OEauw2dDajYsMsOanrY0jokZBQ6U6OkdChxYu\naiU+zQM7HrQyONkgKOJYymxON7FfxJ+zsNKoZxR1o0RMaDGeAwU8fi1IaYr7mTvR\nqLg0v6ZoAt1bY5k34mcGgh5UapLbwpXa5bVQAwxaa+gErTcWqwhpClIBWBI1fFR9\ndbcTprRbbAiR5YwzbWH4wwZ0Hk9f23smxTfDL1ZLi1rciule2ykXKCbymGfKzTMM\nJ2RSzyjGExu9XokkqYbyUNHOmK0YWlmyPr6Lf28EarFkeHJ86nR9uKaf4uXp0qKC\nhAagobmeri79N/+ep4ormFrfppA4ClY=\n-----END PRIVATE KEY-----\n",
            "public_key_fingerprint_md5": "a5:bb:82:1d:5b:86:c0:37:b3:3d:39:e5:5b:6b:58:38",
            "public_key_fingerprint_sha256": "SHA256:ea4izMjTvcgm3+Gukh6gE9m4MZbIZQMF0pcWWHOLaRE",
            "public_key_openssh": "ssh-rsa AAAAB3NzaC1yc2EAAAADAQABAAACAQDLwTv05yS1xhcLn7Sw6nXkvanWYWUFwT8qW09RKGQcvRhH/hyjycoQMoH1luWTMh2s8QVxw9/qjwn1Oo3im8B+GNX9cVX0PigjIgPOyyT5ac20KmzbHeVccGzRZO0aKoEkRFzo1CaLPfqlEEnbOi2Ho8S1Fn2QswTXcq48iN3zpaXKFQzjp673EEiCce58QI3qoXNTtYrFxHZLPNiBeRCjonKhGmvSCxK/i9d3rmnSEx0/tuxvUA35V2KWyBZjPN6R8pxx2fCNDR5eT6YYUrWpXCsec9T2dVWbaGAiBt73Npbne9ItKamBcqFXhutp9l8MmvO4yuja0mBbdQZ8vUKY8i98guwnlukTQ81Mwpo1SMqpzd4VfXxg+TJ76KdEY0mt7pP8FQVnBFnSYiI9zLDUUYQWu3OXCZpx7xcl7TMheOzhhI7+2y+0ru/EeIlw0it5+C+he0K1FNanSS/5Idu9rMI0bXzUR5NzdTDmxm/gfBuBEyD1jSdLlrwUPgcq0f/8qLiDv/9M66gqCM7JuBvdStJTpuwJzL1sdCQhEqbXrmzFpqNnFq7QU1nGsfik8rPtA+oqWSWY4KL/rX59pDlOAHp7QwMZ6cPcqWJkJ5fZmh1NEE9UpJnpzAzKp2DS2bZjTuyAY9J0AEGZEUY5CAxzAYRmBOuiRSTEEZrCWFFCcw==\n",
            "public_key_pem": "-----BEGIN PUBLIC KEY-----\nMIICIjANBgkqhkiG9w0BAQEFAAOCAg8AMIICCgKCAgEAy8E79OcktcYXC5+0sOp1\n5L2p1mFlBcE/KltPUShkHL0YR/4co8nKEDKB9ZblkzIdrPEFccPf6o8J9TqN4pvA\nfhjV/XFV9D4oIyIDzssk+WnNtCps2x3lXHBs0WTtGiqBJERc6NQmiz36pRBJ2zot\nh6PEtRZ9kLME13KuPIjd86WlyhUM46eu9xBIgnHufECN6qFzU7WKxcR2SzzYgXkQ\no6JyoRpr0gsSv4vXd65p0hMdP7bsb1AN+VdilsgWYzzekfKccdnwjQ0eXk+mGFK1\nqVwrHnPU9nVVm2hgIgbe9zaW53vSLSmpgXKhV4brafZfDJrzuMro2tJgW3UGfL1C\nmPIvfILsJ5bpE0PNTMKaNUjKqc3eFX18YPkye+inRGNJre6T/BUFZwRZ0mIiPcyw\n1FGEFrtzlwmace8XJe0zIXjs4YSO/tsvtK7vxHiJcNIrefgvoXtCtRTWp0kv+SHb\nvazCNG181EeTc3Uw5sZv4HwbgRMg9Y0nS5a8FD4HKtH//Ki4g7//TOuoKgjOybgb\n3UrSU6bsCcy9bHQkIRKm165sxaajZxau0FNZxrH4pPKz7QPqKlklmOCi/61+faQ5\nTgB6e0MDGenD3KliZCeX2ZodTRBPVKSZ6cwMyqdg0tm2Y07sgGPSdABBmRFGOQgM\ncwGEZgTrokUkxBGawlhRQnMCAwEAAQ==\n-----END PUBLIC KEY-----\n",
            "rsa_bits": 4096
          },
          "sensitive_attributes": [
            [
              {
                "type": "get_attr",
                "value": "private_key_openssh"
              }
            ],
            [
              {
                "type": "get_attr",
                "value": "private_key_pem"
              }
            ],
            [
              {
                "type": "get_attr",
                "value": "private_key_pem_pkcs8"
              }
            ]
          ],
          "identity_schema_version": 0
        }
      ]
    }
  ],
  "check_results": null
}
